
Microsoft Visual Studio Solution File, Format Version 12.00
# Visual Studio 15
VisualStudioVersion = 15.0.27703.2000
MinimumVisualStudioVersion = 10.0.40219.1
Project("{FAE04EC0-301F-11D3-BF4B-00C04F79EFBC}") = "Primeiro Projeto", "Primeiro Projeto\Primeiro Projeto.csproj", "{763066F6-5F49-43E5-BD80-FB3085B167DE}"
EndProject
Project("{FAE04EC0-301F-11D3-BF4B-00C04F79EFBC}") = "Caixa Eletrônico", "Caixa Eletrônico\Caixa Eletrônico.csproj", "{071CEEDF-55FD-4F54-AB3D-811009CF0EFA}"
EndProject
Project("{FAE04EC0-301F-11D3-BF4B-00C04F79EFBC}") = "Bhaskara", "Bhaskara\Bhaskara.csproj", "{0D763750-E509-484E-8C2F-E1D60DCFCBEF}"
EndProject
Project("{FAE04EC0-301F-11D3-BF4B-00C04F79EFBC}") = "Média das Idades", "Média das Idades\Média das Idades.csproj", "{1C7902CA-88CC-4CD6-B278-64CDBAFF60A6}"
EndProject
Global
	GlobalSection(SolutionConfigurationPlatforms) = preSolution
		Debug|Any CPU = Debug|Any CPU
		Release|Any CPU = Release|Any CPU
	EndGlobalSection
	GlobalSection(ProjectConfigurationPlatforms) = postSolution
		{763066F6-5F49-43E5-BD80-FB3085B167DE}.Debug|Any CPU.ActiveCfg = Debug|Any CPU
		{763066F6-5F49-43E5-BD80-FB3085B167DE}.Debug|Any CPU.Build.0 = Debug|Any CPU
		{763066F6-5F49-43E5-BD80-FB3085B167DE}.Release|Any CPU.ActiveCfg = Release|Any CPU
		{763066F6-5F49-43E5-BD80-FB3085B167DE}.Release|Any CPU.Build.0 = Release|Any CPU
		{071CEEDF-55FD-4F54-AB3D-811009CF0EFA}.Debug|Any CPU.ActiveCfg = Debug|Any CPU
		{071CEEDF-55FD-4F54-AB3D-811009CF0EFA}.Debug|Any CPU.Build.0 = Debug|Any CPU
		{071CEEDF-55FD-4F54-AB3D-811009CF0EFA}.Release|Any CPU.ActiveCfg = Release|Any CPU
		{071CEEDF-55FD-4F54-AB3D-811009CF0EFA}.Release|Any CPU.Build.0 = Release|Any CPU
		{0D763750-E509-484E-8C2F-E1D60DCFCBEF}.Debug|Any CPU.ActiveCfg = Debug|Any CPU
		{0D763750-E509-484E-8C2F-E1D60DCFCBEF}.Debug|Any CPU.Build.0 = Debug|Any CPU
		{0D763750-E509-484E-8C2F-E1D60DCFCBEF}.Release|Any CPU.ActiveCfg = Release|Any CPU
		{0D763750-E509-484E-8C2F-E1D60DCFCBEF}.Release|Any CPU.Build.0 = Release|Any CPU
		{1C7902CA-88CC-4CD6-B278-64CDBAFF60A6}.Debug|Any CPU.ActiveCfg = Debug|Any CPU
		{1C7902CA-88CC-4CD6-B278-64CDBAFF60A6}.Debug|Any CPU.Build.0 = Debug|Any CPU
		{1C7902CA-88CC-4CD6-B278-64CDBAFF60A6}.Release|Any CPU.ActiveCfg = Release|Any CPU
		{1C7902CA-88CC-4CD6-B278-64CDBAFF60A6}.Release|Any CPU.Build.0 = Release|Any CPU
	EndGlobalSection
	GlobalSection(SolutionProperties) = preSolution
		HideSolutionNode = FALSE
	EndGlobalSection
	GlobalSection(ExtensibilityGlobals) = postSolution
		SolutionGuid = {292DDCBE-97A5-4073-8445-35DCC3A535B2}
	EndGlobalSection
EndGlobal
